// !$*UTF8*$!
{
	archiveVersion = 1;
	classes = {
	};
	objectVersion = 50;
	objects = {

/* Begin PBXBuildFile section */
		59AE53FF2129080600D6345C /* AppDelegate.m in Sources */ = {isa = PBXBuildFile; fileRef = 59AE53FE2129080600D6345C /* AppDelegate.m */; };
		59AE54072129080B00D6345C /* Assets.xcassets in Resources */ = {isa = PBXBuildFile; fileRef = 59AE54062129080B00D6345C /* Assets.xcassets */; };
		59AE540A2129080B00D6345C /* LaunchScreen.storyboard in Resources */ = {isa = PBXBuildFile; fileRef = 59AE54082129080B00D6345C /* LaunchScreen.storyboard */; };
		59AE540D2129080B00D6345C /* main.m in Sources */ = {isa = PBXBuildFile; fileRef = 59AE540C2129080B00D6345C /* main.m */; };
		59AE54152129087000D6345C /* ExampleViewController.m in Sources */ = {isa = PBXBuildFile; fileRef = 59AE54142129087000D6345C /* ExampleViewController.m */; };
		59AE54182129091600D6345C /* CenteredCollectionViewLayout.m in Sources */ = {isa = PBXBuildFile; fileRef = 59AE54172129091600D6345C /* CenteredCollectionViewLayout.m */; };
		59AE541B21290A4100D6345C /* ExampleCollectionViewCell.m in Sources */ = {isa = PBXBuildFile; fileRef = 59AE541A21290A4100D6345C /* ExampleCollectionViewCell.m */; };
/* End PBXBuildFile section */

/* Begin PBXFileReference section */
		59AE53FA2129080600D6345C /* CenteredCollectionView.app */ = {isa = PBXFileReference; explicitFileType = wrapper.application; includeInIndex = 0; path = CenteredCollectionView.app; sourceTree = BUILT_PRODUCTS_DIR; };
		59AE53FD2129080600D6345C /* AppDelegate.h */ = {isa = PBXFileReference; lastKnownFileType = sourcecode.c.h; path = AppDelegate.h; sourceTree = "<group>"; };
		59AE53FE2129080600D6345C /* AppDelegate.m */ = {isa = PBXFileReference; lastKnownFileType = sourcecode.c.objc; path = AppDelegate.m; sourceTree = "<group>"; };
		59AE54062129080B00D6345C /* Assets.xcassets */ = {isa = PBXFileReference; lastKnownFileType = folder.assetcatalog; path = Assets.xcassets; sourceTree = "<group>"; };
		59AE54092129080B00D6345C /* Base */ = {isa = PBXFileReference; lastKnownFileType = file.storyboard; name = Base; path = Base.lproj/LaunchScreen.storyboard; sourceTree = "<group>"; };
		59AE540B2129080B00D6345C /* Info.plist */ = {isa = PBXFileReference; lastKnownFileType = text.plist.xml; path = Info.plist; sourceTree = "<group>"; };
		59AE540C2129080B00D6345C /* main.m */ = {isa = PBXFileReference; lastKnownFileType = sourcecode.c.objc; path = main.m; sourceTree = "<group>"; };
		59AE54132129087000D6345C /* ExampleViewController.h */ = {isa = PBXFileReference; lastKnownFileType = sourcecode.c.h; path = ExampleViewController.h; sourceTree = "<group>"; };
		59AE54142129087000D6345C /* ExampleViewController.m */ = {isa = PBXFileReference; lastKnownFileType = sourcecode.c.objc; path = ExampleViewController.m; sourceTree = "<group>"; };
		59AE54162129091600D6345C /* CenteredCollectionViewLayout.h */ = {isa = PBXFileReference; lastKnownFileType = sourcecode.c.h; path = CenteredCollectionViewLayout.h; sourceTree = "<group>"; };
		59AE54172129091600D6345C /* CenteredCollectionViewLayout.m */ = {isa = PBXFileReference; lastKnownFileType = sourcecode.c.objc; path = CenteredCollectionViewLayout.m; sourceTree = "<group>"; };
		59AE541921290A4100D6345C /* ExampleCollectionViewCell.h */ = {isa = PBXFileReference; lastKnownFileType = sourcecode.c.h; path = ExampleCollectionViewCell.h; sourceTree = "<group>"; };
		59AE541A21290A4100D6345C /* ExampleCollectionViewCell.m */ = {isa = PBXFileReference; lastKnownFileType = sourcecode.c.objc; path = ExampleCollectionViewCell.m; sourceTree = "<group>"; };
/* End PBXFileReference section */

/* Begin PBXFrameworksBuildPhase section */
		59AE53F72129080600D6345C /* Frameworks */ = {
			isa = PBXFrameworksBuildPhase;
			buildActionMask = 2147483647;
			files = (
			);
			runOnlyForDeploymentPostprocessing = 0;
		};
/* End PBXFrameworksBuildPhase section */

/* Begin PBXGroup section */
		59AE53F12129080600D6345C = {
			isa = PBXGroup;
			children = (
				59AE53FC2129080600D6345C /* CenteredCollectionView */,
				59AE53FB2129080600D6345C /* Products */,
			);
			sourceTree = "<group>";
		};
		59AE53FB2129080600D6345C /* Products */ = {
			isa = PBXGroup;
			children = (
				59AE53FA2129080600D6345C /* CenteredCollectionView.app */,
			);
			name = Products;
			sourceTree = "<group>";
		};
		59AE53FC2129080600D6345C /* CenteredCollectionView */ = {
			isa = PBXGroup;
			children = (
				59AE53FD2129080600D6345C /* AppDelegate.h */,
				59AE53FE2129080600D6345C /* AppDelegate.m */,
				59AE54062129080B00D6345C /* Assets.xcassets */,
				59AE54082129080B00D6345C /* LaunchScreen.storyboard */,
				59AE540B2129080B00D6345C /* Info.plist */,
				59AE540C2129080B00D6345C /* main.m */,
				59AE54132129087000D6345C /* ExampleViewController.h */,
				59AE54142129087000D6345C /* ExampleViewController.m */,
				59AE54162129091600D6345C /* CenteredCollectionViewLayout.h */,
				59AE54172129091600D6345C /* CenteredCollectionViewLayout.m */,
				59AE541921290A4100D6345C /* ExampleCollectionViewCell.h */,
				59AE541A21290A4100D6345C /* ExampleCollectionViewCell.m */,
			);
			path = CenteredCollectionView;
			sourceTree = "<group>";
		};
/* End PBXGroup section */

/* Begin PBXNativeTarget section */
		59AE53F92129080600D6345C /* CenteredCollectionView */ = {
			isa = PBXNativeTarget;
			buildConfigurationList = 59AE54102129080B00D6345C /* Build configuration list for PBXNativeTarget "CenteredCollectionView" */;
			buildPhases = (
				59AE53F62129080600D6345C /* Sources */,
				59AE53F72129080600D6345C /* Frameworks */,
				59AE53F82129080600D6345C /* Resources */,
			);
			buildRules = (
			);
			dependencies = (
			);
			name = CenteredCollectionView;
			productName = CenteredCollectionView;
			productReference = 59AE53FA2129080600D6345C /* CenteredCollectionView.app */;
			productType = "com.apple.product-type.application";
		};
/* End PBXNativeTarget section */

/* Begin PBXProject section */
		59AE53F22129080600D6345C /* Project object */ = {
			isa = PBXProject;
			attributes = {
				LastUpgradeCheck = 0940;
				ORGANIZATIONNAME = AllenHuang;
				TargetAttributes = {
					59AE53F92129080600D6345C = {
						CreatedOnToolsVersion = 9.4.1;
					};
				};
			};
			buildConfigurationList = 59AE53F52129080600D6345C /* Build configuration list for PBXProject "CenteredCollectionView" */;
			compatibilityVersion = "Xcode 9.3";
			developmentRegion = en;
			hasScannedForEncodings = 0;
			knownRegions = (
				en,
				Base,
			);
			mainGroup = 59AE53F12129080600D6345C;
			productRefGroup = 59AE53FB2129080600D6345C /* Products */;
			projectDirPath = "";
			projectRoot = "";
			targets = (
				59AE53F92129080600D6345C /* CenteredCollectionView */,
			);
		};
/* End PBXProject section */

/* Begin PBXResourcesBuildPhase section */
		59AE53F82129080600D6345C /* Resources */ = {
			isa = PBXResourcesBuildPhase;
			buildActionMask = 2147483647;
			files = (
				59AE540A2129080B00D6345C /* LaunchScreen.storyboard in Resources */,
				59AE54072129080B00D6345C /* Assets.xcassets in Resources */,
			);
			runOnlyForDeploymentPostprocessing = 0;
		};
/* End PBXResourcesBuildPhase section */

/* Begin PBXSourcesBuildPhase section */
		59AE53F62129080600D6345C /* Sources */ = {
			isa = PBXSourcesBuildPhase;
			buildActionMask = 2147483647;
			files = (
				59AE54182129091600D6345C /* CenteredCollectionViewLayout.m in Sources */,
				59AE541B21290A4100D6345C /* ExampleCollectionViewCell.m in Sources */,
				59AE54152129087000D6345C /* ExampleViewController.m in Sources */,
				59AE540D2129080B00D6345C /* main.m in Sources */,
				59AE53FF2129080600D6345C /* AppDelegate.m in Sources */,
			);
			runOnlyForDeploymentPostprocessing = 0;
		};
/* End PBXSourcesBuildPhase section */

/* Begin PBXVariantGroup section */
		59AE54082129080B00D6345C /* LaunchScreen.storyboard */ = {
			isa = PBXVariantGroup;
			children = (
				59AE54092129080B00D6345C /* Base */,
			);
			name = LaunchScreen.storyboard;
			sourceTree = "<group>";
		};
/* End PBXVariantGroup section */

/* Begin XCBuildConfiguration section */
		59AE540E2129080B00D6345C /* Debug */ = {
			isa = XCBuildConfiguration;
			buildSettings = {
				ALWAYS_SEARCH_USER_PATHS = NO;
				CLANG_ANALYZER_NONNULL = YES;
				CLANG_ANALYZER_NUMBER_OBJECT_CONVERSION = YES_AGGRESSIVE;
				CLANG_CXX_LANGUAGE_STANDARD = "gnu++14";
				CLANG_CXX_LIBRARY = "libc++";
				CLANG_ENABLE_MODULES = YES;
				CLANG_ENABLE_OBJC_ARC = YES;
				CLANG_ENABLE_OBJC_WEAK = YES;
				CLANG_WARN_BLOCK_CAPTURE_AUTORELEASING = YES;
				CLANG_WARN_BOOL_CONVERSION = YES;
				CLANG_WARN_COMMA = YES;
				CLANG_WARN_CONSTANT_CONVERSION = YES;
				CLANG_WARN_DEPRECATED_OBJC_IMPLEMENTATIONS = YES;
				CLANG_WARN_DIRECT_OBJC_ISA_USAGE = YES_ERROR;
				CLANG_WARN_DOCUMENTATION_COMMENTS = YES;
				CLANG_WARN_EMPTY_BODY = YES;
				CLANG_WARN_ENUM_CONVERSION = YES;
				CLANG_WARN_INFINITE_RECURSION = YES;
				CLANG_WARN_INT_CONVERSION = YES;
				CLANG_WARN_NON_LITERAL_NULL_CONVERSION = YES;
				CLANG_WARN_OBJC_IMPLICIT_RETAIN_SELF = YES;
				CLANG_WARN_OBJC_LITERAL_CONVERSION = YES;
				CLANG_WARN_OBJC_ROOT_CLASS = YES_ERROR;
				CLANG_WARN_RANGE_LOOP_ANALYSIS = YES;
				CLANG_WARN_STRICT_PROTOTYPES = YES;
				CLANG_WARN_SUSPICIOUS_MOVE = YES;
				CLANG_WARN_UNGUARDED_AVAILABILITY = YES_AGGRESSIVE;
				CLANG_WARN_UNREACHABLE_CODE = YES;
				CLANG_WARN__DUPLICATE_METHOD_MATCH = YES;
				CODE_SIGN_IDENTITY = "iPhone Developer";
				COPY_PHASE_STRIP = NO;
				DEBUG_INFORMATION_FORMAT = dwarf;
				ENABLE_STRICT_OBJC_MSGSEND = YES;
				ENABLE_TESTABILITY = YES;
				GCC_C_LANGUAGE_STANDARD = gnu11;
				GCC_DYNAMIC_NO_PIC = NO;
				GCC_NO_COMMON_BLOCKS = YES;
				GCC_OPTIMIZATION_LEVEL = 0;
				GCC_PREPROCESSOR_DEFINITIONS = (
					"DEBUG=1",
					"$(inherited)",
				);
				GCC_WARN_64_TO_32_BIT_CONVERSION = YES;
				GCC_WARN_ABOUT_RETURN_TYPE = YES_ERROR;
				GCC_WARN_UNDECLARED_SELECTOR = YES;
				GCC_WARN_UNINITIALIZED_AUTOS = YES_AGGRESSIVE;
				GCC_WARN_UNUSED_FUNCTION = YES;
				GCC_WARN_UNUSED_VARIABLE = YES;
				IPHONEOS_DEPLOYMENT_TARGET = 11.4;
				MTL_ENABLE_DEBUG_INFO = YES;
				ONLY_ACTIVE_ARCH = YES;
				SDKROOT = iphoneos;
			};
			name = Debug;
		};
		59AE540F2129080B00D6345C /* Release */ = {
			isa = XCBuildConfiguration;
			buildSettings = {
				ALWAYS_SEARCH_USER_PATHS = NO;
				CLANG_ANALYZER_NONNULL = YES;
				CLANG_ANALYZER_NUMBER_OBJECT_CONVERSION = YES_AGGRESSIVE;
				CLANG_CXX_LANGUAGE_STANDARD = "gnu++14";
				CLANG_CXX_LIBRARY = "libc++";
				CLANG_ENABLE_MODULES = YES;
				CLANG_ENABLE_OBJC_ARC = YES;
				CLANG_ENABLE_OBJC_WEAK = YES;
				CLANG_WARN_BLOCK_CAPTURE_AUTORELEASING = YES;
				CLANG_WARN_BOOL_CONVERSION = YES;
				CLANG_WARN_COMMA = YES;
				CLANG_WARN_CONSTANT_CONVERSION = YES;
				CLANG_WARN_DEPRECATED_OBJC_IMPLEMENTATIONS = YES;
				CLANG_WARN_DIRECT_OBJC_ISA_USAGE = YES_ERROR;
				CLANG_WARN_DOCUMENTATION_COMMENTS = YES;
				CLANG_WARN_EMPTY_BODY = YES;
				CLANG_WARN_ENUM_CONVERSION = YES;
				CLANG_WARN_INFINITE_RECURSION = YES;
				CLANG_WARN_INT_CONVERSION = YES;
				CLANG_WARN_NON_LITERAL_NULL_CONVERSION = YES;
				CLANG_WARN_OBJC_IMPLICIT_RETAIN_SELF = YES;
				CLANG_WARN_OBJC_LITERAL_CONVERSION = YES;
				CLANG_WARN_OBJC_ROOT_CLASS = YES_ERROR;
				CLANG_WARN_RANGE_LOOP_ANALYSIS = YES;
				CLANG_WARN_STRICT_PROTOTYPES = YES;
				CLANG_WARN_SUSPICIOUS_MOVE = YES;
				CLANG_WARN_UNGUARDED_AVAILABILITY = YES_AGGRESSIVE;
				CLANG_WARN_UNREACHABLE_CODE = YES;
				CLANG_WARN__DUPLICATE_METHOD_MATCH = YES;
				CODE_SIGN_IDENTITY = "iPhone Developer";
				COPY_PHASE_STRIP = NO;
				DEBUG_INFORMATION_FORMAT = "dwarf-with-dsym";
				ENABLE_NS_ASSERTIONS = NO;
				ENABLE_STRICT_OBJC_MSGSEND = YES;
				GCC_C_LANGUAGE_STANDARD = gnu11;
				GCC_NO_COMMON_BLOCKS = YES;
				GCC_WARN_64_TO_32_BIT_CONVERSION = YES;
				GCC_WARN_ABOUT_RETURN_TYPE = YES_ERROR;
				GCC_WARN_UNDECLARED_SELECTOR = YES;
				GCC_WARN_UNINITIALIZED_AUTOS = YES_AGGRESSIVE;
				GCC_WARN_UNUSED_FUNCTION = YES;
				GCC_WARN_UNUSED_VARIABLE = YES;
				IPHONEOS_DEPLOYMENT_TARGET = 11.4;
				MTL_ENABLE_DEBUG_INFO = NO;
				SDKROOT = iphoneos;
				VALIDATE_PRODUCT = YES;
			};
			name = Release;
		};
		59AE54112129080B00D6345C /* Debug */ = {
			isa = XCBuildConfiguration;
			buildSettings = {
				ASSETCATALOG_COMPILER_APPICON_NAME = AppIcon;
				CODE_SIGN_STYLE = Automatic;
				INFOPLIST_FILE = CenteredCollectionView/Info.plist;
				LD_RUNPATH_SEARCH_PATHS = (
					"$(inherited)",
					"@executable_path/Frameworks",
				);
				PRODUCT_BUNDLE_IDENTIFIER = personal.CenteredCollectionView;
				PRODUCT_NAME = "$(TARGET_NAME)";
				TARGETED_DEVICE_FAMILY = "1,2";
			};
			name = Debug;
		};
		59AE54122129080B00D6345C /* Release */ = {
			isa = XCBuildConfiguration;
			buildSettings = {
				ASSETCATALOG_COMPILER_APPICON_NAME = AppIcon;
				CODE_SIGN_STYLE = Automatic;
				INFOPLIST_FILE = CenteredCollectionView/Info.plist;
				LD_RUNPATH_SEARCH_PATHS = (
					"$(inherited)",
					"@executable_path/Frameworks",
				);
				PRODUCT_BUNDLE_IDENTIFIER = personal.CenteredCollectionView;
				PRODUCT_NAME = "$(TARGET_NAME)";
				TARGETED_DEVICE_FAMILY = "1,2";
			};
			name = Release;
		};
/* End XCBuildConfiguration section */

/* Begin XCConfigurationList section */
		59AE53F52129080600D6345C /* Build configuration list for PBXProject "CenteredCollectionView" */ = {
			isa = XCConfigurationList;
			buildConfigurations = (
				59AE540E2129080B00D6345C /* Debug */,
				59AE540F2129080B00D6345C /* Release */,
			);
			defaultConfigurationIsVisible = 0;
			defaultConfigurationName = Release;
		};
		59AE54102129080B00D6345C /* Build configuration list for PBXNativeTarget "CenteredCollectionView" */ = {
			isa = XCConfigurationList;
			buildConfigurations = (
				59AE54112129080B00D6345C /* Debug */,
				59AE54122129080B00D6345C /* Release */,
			);
			defaultConfigurationIsVisible = 0;
			defaultConfigurationName = Release;
		};
/* End XCConfigurationList section */
	};
	rootObject = 59AE53F22129080600D6345C /* Project object */;
}
