// !$*UTF8*$!
{
	archiveVersion = 1;
	classes = {
	};
	objectVersion = 50;
	objects = {

/* Begin PBXBuildFile section */
		5956655A212598FC00E30ACA /* AppDelegate.m in Sources */ = {isa = PBXBuildFile; fileRef = 59566559212598FC00E30ACA /* AppDelegate.m */; };
		595665622125990000E30ACA /* Assets.xcassets in Resources */ = {isa = PBXBuildFile; fileRef = 595665612125990000E30ACA /* Assets.xcassets */; };
		595665652125990000E30ACA /* LaunchScreen.storyboard in Resources */ = {isa = PBXBuildFile; fileRef = 595665632125990000E30ACA /* LaunchScreen.storyboard */; };
		595665682125990000E30ACA /* main.m in Sources */ = {isa = PBXBuildFile; fileRef = 595665672125990000E30ACA /* main.m */; };
		595665702125992F00E30ACA /* PagesViewController.m in Sources */ = {isa = PBXBuildFile; fileRef = 5956656F2125992F00E30ACA /* PagesViewController.m */; };
		595665742125A18E00E30ACA /* PagesHeaderCollectionViewCell.m in Sources */ = {isa = PBXBuildFile; fileRef = 595665732125A18E00E30ACA /* PagesHeaderCollectionViewCell.m */; };
		595665772125B1C500E30ACA /* BaseViewController.m in Sources */ = {isa = PBXBuildFile; fileRef = 595665762125B1C500E30ACA /* BaseViewController.m */; };
/* End PBXBuildFile section */

/* Begin PBXFileReference section */
		59566555212598FC00E30ACA /* PagesController.app */ = {isa = PBXFileReference; explicitFileType = wrapper.application; includeInIndex = 0; path = PagesController.app; sourceTree = BUILT_PRODUCTS_DIR; };
		59566558212598FC00E30ACA /* AppDelegate.h */ = {isa = PBXFileReference; lastKnownFileType = sourcecode.c.h; path = AppDelegate.h; sourceTree = "<group>"; };
		59566559212598FC00E30ACA /* AppDelegate.m */ = {isa = PBXFileReference; lastKnownFileType = sourcecode.c.objc; path = AppDelegate.m; sourceTree = "<group>"; };
		595665612125990000E30ACA /* Assets.xcassets */ = {isa = PBXFileReference; lastKnownFileType = folder.assetcatalog; path = Assets.xcassets; sourceTree = "<group>"; };
		595665642125990000E30ACA /* Base */ = {isa = PBXFileReference; lastKnownFileType = file.storyboard; name = Base; path = Base.lproj/LaunchScreen.storyboard; sourceTree = "<group>"; };
		595665662125990000E30ACA /* Info.plist */ = {isa = PBXFileReference; lastKnownFileType = text.plist.xml; path = Info.plist; sourceTree = "<group>"; };
		595665672125990000E30ACA /* main.m */ = {isa = PBXFileReference; lastKnownFileType = sourcecode.c.objc; path = main.m; sourceTree = "<group>"; };
		5956656E2125992F00E30ACA /* PagesViewController.h */ = {isa = PBXFileReference; lastKnownFileType = sourcecode.c.h; path = PagesViewController.h; sourceTree = "<group>"; };
		5956656F2125992F00E30ACA /* PagesViewController.m */ = {isa = PBXFileReference; lastKnownFileType = sourcecode.c.objc; path = PagesViewController.m; sourceTree = "<group>"; };
		59566571212599A800E30ACA /* globalConstant.h */ = {isa = PBXFileReference; lastKnownFileType = sourcecode.c.h; path = globalConstant.h; sourceTree = "<group>"; };
		595665722125A18E00E30ACA /* PagesHeaderCollectionViewCell.h */ = {isa = PBXFileReference; lastKnownFileType = sourcecode.c.h; path = PagesHeaderCollectionViewCell.h; sourceTree = "<group>"; };
		595665732125A18E00E30ACA /* PagesHeaderCollectionViewCell.m */ = {isa = PBXFileReference; lastKnownFileType = sourcecode.c.objc; path = PagesHeaderCollectionViewCell.m; sourceTree = "<group>"; };
		595665752125B1C500E30ACA /* BaseViewController.h */ = {isa = PBXFileReference; lastKnownFileType = sourcecode.c.h; path = BaseViewController.h; sourceTree = "<group>"; };
		595665762125B1C500E30ACA /* BaseViewController.m */ = {isa = PBXFileReference; lastKnownFileType = sourcecode.c.objc; path = BaseViewController.m; sourceTree = "<group>"; };
/* End PBXFileReference section */

/* Begin PBXFrameworksBuildPhase section */
		59566552212598FC00E30ACA /* Frameworks */ = {
			isa = PBXFrameworksBuildPhase;
			buildActionMask = 2147483647;
			files = (
			);
			runOnlyForDeploymentPostprocessing = 0;
		};
/* End PBXFrameworksBuildPhase section */

/* Begin PBXGroup section */
		5956654C212598FC00E30ACA = {
			isa = PBXGroup;
			children = (
				59566557212598FC00E30ACA /* PagesController */,
				59566556212598FC00E30ACA /* Products */,
			);
			sourceTree = "<group>";
		};
		59566556212598FC00E30ACA /* Products */ = {
			isa = PBXGroup;
			children = (
				59566555212598FC00E30ACA /* PagesController.app */,
			);
			name = Products;
			sourceTree = "<group>";
		};
		59566557212598FC00E30ACA /* PagesController */ = {
			isa = PBXGroup;
			children = (
				59566558212598FC00E30ACA /* AppDelegate.h */,
				59566559212598FC00E30ACA /* AppDelegate.m */,
				595665612125990000E30ACA /* Assets.xcassets */,
				595665632125990000E30ACA /* LaunchScreen.storyboard */,
				595665662125990000E30ACA /* Info.plist */,
				595665672125990000E30ACA /* main.m */,
				595665752125B1C500E30ACA /* BaseViewController.h */,
				595665762125B1C500E30ACA /* BaseViewController.m */,
				5956656E2125992F00E30ACA /* PagesViewController.h */,
				5956656F2125992F00E30ACA /* PagesViewController.m */,
				595665722125A18E00E30ACA /* PagesHeaderCollectionViewCell.h */,
				595665732125A18E00E30ACA /* PagesHeaderCollectionViewCell.m */,
				59566571212599A800E30ACA /* globalConstant.h */,
			);
			path = PagesController;
			sourceTree = "<group>";
		};
/* End PBXGroup section */

/* Begin PBXNativeTarget section */
		59566554212598FC00E30ACA /* PagesController */ = {
			isa = PBXNativeTarget;
			buildConfigurationList = 5956656B2125990000E30ACA /* Build configuration list for PBXNativeTarget "PagesController" */;
			buildPhases = (
				59566551212598FC00E30ACA /* Sources */,
				59566552212598FC00E30ACA /* Frameworks */,
				59566553212598FC00E30ACA /* Resources */,
			);
			buildRules = (
			);
			dependencies = (
			);
			name = PagesController;
			productName = PagesController;
			productReference = 59566555212598FC00E30ACA /* PagesController.app */;
			productType = "com.apple.product-type.application";
		};
/* End PBXNativeTarget section */

/* Begin PBXProject section */
		5956654D212598FC00E30ACA /* Project object */ = {
			isa = PBXProject;
			attributes = {
				LastUpgradeCheck = 0940;
				ORGANIZATIONNAME = AllenHuang;
				TargetAttributes = {
					59566554212598FC00E30ACA = {
						CreatedOnToolsVersion = 9.4.1;
					};
				};
			};
			buildConfigurationList = 59566550212598FC00E30ACA /* Build configuration list for PBXProject "PagesController" */;
			compatibilityVersion = "Xcode 9.3";
			developmentRegion = en;
			hasScannedForEncodings = 0;
			knownRegions = (
				en,
				Base,
			);
			mainGroup = 5956654C212598FC00E30ACA;
			productRefGroup = 59566556212598FC00E30ACA /* Products */;
			projectDirPath = "";
			projectRoot = "";
			targets = (
				59566554212598FC00E30ACA /* PagesController */,
			);
		};
/* End PBXProject section */

/* Begin PBXResourcesBuildPhase section */
		59566553212598FC00E30ACA /* Resources */ = {
			isa = PBXResourcesBuildPhase;
			buildActionMask = 2147483647;
			files = (
				595665652125990000E30ACA /* LaunchScreen.storyboard in Resources */,
				595665622125990000E30ACA /* Assets.xcassets in Resources */,
			);
			runOnlyForDeploymentPostprocessing = 0;
		};
/* End PBXResourcesBuildPhase section */

/* Begin PBXSourcesBuildPhase section */
		59566551212598FC00E30ACA /* Sources */ = {
			isa = PBXSourcesBuildPhase;
			buildActionMask = 2147483647;
			files = (
				595665702125992F00E30ACA /* PagesViewController.m in Sources */,
				595665772125B1C500E30ACA /* BaseViewController.m in Sources */,
				595665682125990000E30ACA /* main.m in Sources */,
				595665742125A18E00E30ACA /* PagesHeaderCollectionViewCell.m in Sources */,
				5956655A212598FC00E30ACA /* AppDelegate.m in Sources */,
			);
			runOnlyForDeploymentPostprocessing = 0;
		};
/* End PBXSourcesBuildPhase section */

/* Begin PBXVariantGroup section */
		595665632125990000E30ACA /* LaunchScreen.storyboard */ = {
			isa = PBXVariantGroup;
			children = (
				595665642125990000E30ACA /* Base */,
			);
			name = LaunchScreen.storyboard;
			sourceTree = "<group>";
		};
/* End PBXVariantGroup section */

/* Begin XCBuildConfiguration section */
		595665692125990000E30ACA /* Debug */ = {
			isa = XCBuildConfiguration;
			buildSettings = {
				ALWAYS_SEARCH_USER_PATHS = NO;
				CLANG_ANALYZER_NONNULL = YES;
				CLANG_ANALYZER_NUMBER_OBJECT_CONVERSION = YES_AGGRESSIVE;
				CLANG_CXX_LANGUAGE_STANDARD = "gnu++14";
				CLANG_CXX_LIBRARY = "libc++";
				CLANG_ENABLE_MODULES = YES;
				CLANG_ENABLE_OBJC_ARC = YES;
				CLANG_ENABLE_OBJC_WEAK = YES;
				CLANG_WARN_BLOCK_CAPTURE_AUTORELEASING = YES;
				CLANG_WARN_BOOL_CONVERSION = YES;
				CLANG_WARN_COMMA = YES;
				CLANG_WARN_CONSTANT_CONVERSION = YES;
				CLANG_WARN_DEPRECATED_OBJC_IMPLEMENTATIONS = YES;
				CLANG_WARN_DIRECT_OBJC_ISA_USAGE = YES_ERROR;
				CLANG_WARN_DOCUMENTATION_COMMENTS = YES;
				CLANG_WARN_EMPTY_BODY = YES;
				CLANG_WARN_ENUM_CONVERSION = YES;
				CLANG_WARN_INFINITE_RECURSION = YES;
				CLANG_WARN_INT_CONVERSION = YES;
				CLANG_WARN_NON_LITERAL_NULL_CONVERSION = YES;
				CLANG_WARN_OBJC_IMPLICIT_RETAIN_SELF = YES;
				CLANG_WARN_OBJC_LITERAL_CONVERSION = YES;
				CLANG_WARN_OBJC_ROOT_CLASS = YES_ERROR;
				CLANG_WARN_RANGE_LOOP_ANALYSIS = YES;
				CLANG_WARN_STRICT_PROTOTYPES = YES;
				CLANG_WARN_SUSPICIOUS_MOVE = YES;
				CLANG_WARN_UNGUARDED_AVAILABILITY = YES_AGGRESSIVE;
				CLANG_WARN_UNREACHABLE_CODE = YES;
				CLANG_WARN__DUPLICATE_METHOD_MATCH = YES;
				CODE_SIGN_IDENTITY = "iPhone Developer";
				COPY_PHASE_STRIP = NO;
				DEBUG_INFORMATION_FORMAT = dwarf;
				ENABLE_STRICT_OBJC_MSGSEND = YES;
				ENABLE_TESTABILITY = YES;
				GCC_C_LANGUAGE_STANDARD = gnu11;
				GCC_DYNAMIC_NO_PIC = NO;
				GCC_NO_COMMON_BLOCKS = YES;
				GCC_OPTIMIZATION_LEVEL = 0;
				GCC_PREPROCESSOR_DEFINITIONS = (
					"DEBUG=1",
					"$(inherited)",
				);
				GCC_WARN_64_TO_32_BIT_CONVERSION = YES;
				GCC_WARN_ABOUT_RETURN_TYPE = YES_ERROR;
				GCC_WARN_UNDECLARED_SELECTOR = YES;
				GCC_WARN_UNINITIALIZED_AUTOS = YES_AGGRESSIVE;
				GCC_WARN_UNUSED_FUNCTION = YES;
				GCC_WARN_UNUSED_VARIABLE = YES;
				IPHONEOS_DEPLOYMENT_TARGET = 11.4;
				MTL_ENABLE_DEBUG_INFO = YES;
				ONLY_ACTIVE_ARCH = YES;
				SDKROOT = iphoneos;
			};
			name = Debug;
		};
		5956656A2125990000E30ACA /* Release */ = {
			isa = XCBuildConfiguration;
			buildSettings = {
				ALWAYS_SEARCH_USER_PATHS = NO;
				CLANG_ANALYZER_NONNULL = YES;
				CLANG_ANALYZER_NUMBER_OBJECT_CONVERSION = YES_AGGRESSIVE;
				CLANG_CXX_LANGUAGE_STANDARD = "gnu++14";
				CLANG_CXX_LIBRARY = "libc++";
				CLANG_ENABLE_MODULES = YES;
				CLANG_ENABLE_OBJC_ARC = YES;
				CLANG_ENABLE_OBJC_WEAK = YES;
				CLANG_WARN_BLOCK_CAPTURE_AUTORELEASING = YES;
				CLANG_WARN_BOOL_CONVERSION = YES;
				CLANG_WARN_COMMA = YES;
				CLANG_WARN_CONSTANT_CONVERSION = YES;
				CLANG_WARN_DEPRECATED_OBJC_IMPLEMENTATIONS = YES;
				CLANG_WARN_DIRECT_OBJC_ISA_USAGE = YES_ERROR;
				CLANG_WARN_DOCUMENTATION_COMMENTS = YES;
				CLANG_WARN_EMPTY_BODY = YES;
				CLANG_WARN_ENUM_CONVERSION = YES;
				CLANG_WARN_INFINITE_RECURSION = YES;
				CLANG_WARN_INT_CONVERSION = YES;
				CLANG_WARN_NON_LITERAL_NULL_CONVERSION = YES;
				CLANG_WARN_OBJC_IMPLICIT_RETAIN_SELF = YES;
				CLANG_WARN_OBJC_LITERAL_CONVERSION = YES;
				CLANG_WARN_OBJC_ROOT_CLASS = YES_ERROR;
				CLANG_WARN_RANGE_LOOP_ANALYSIS = YES;
				CLANG_WARN_STRICT_PROTOTYPES = YES;
				CLANG_WARN_SUSPICIOUS_MOVE = YES;
				CLANG_WARN_UNGUARDED_AVAILABILITY = YES_AGGRESSIVE;
				CLANG_WARN_UNREACHABLE_CODE = YES;
				CLANG_WARN__DUPLICATE_METHOD_MATCH = YES;
				CODE_SIGN_IDENTITY = "iPhone Developer";
				COPY_PHASE_STRIP = NO;
				DEBUG_INFORMATION_FORMAT = "dwarf-with-dsym";
				ENABLE_NS_ASSERTIONS = NO;
				ENABLE_STRICT_OBJC_MSGSEND = YES;
				GCC_C_LANGUAGE_STANDARD = gnu11;
				GCC_NO_COMMON_BLOCKS = YES;
				GCC_WARN_64_TO_32_BIT_CONVERSION = YES;
				GCC_WARN_ABOUT_RETURN_TYPE = YES_ERROR;
				GCC_WARN_UNDECLARED_SELECTOR = YES;
				GCC_WARN_UNINITIALIZED_AUTOS = YES_AGGRESSIVE;
				GCC_WARN_UNUSED_FUNCTION = YES;
				GCC_WARN_UNUSED_VARIABLE = YES;
				IPHONEOS_DEPLOYMENT_TARGET = 11.4;
				MTL_ENABLE_DEBUG_INFO = NO;
				SDKROOT = iphoneos;
				VALIDATE_PRODUCT = YES;
			};
			name = Release;
		};
		5956656C2125990000E30ACA /* Debug */ = {
			isa = XCBuildConfiguration;
			buildSettings = {
				ASSETCATALOG_COMPILER_APPICON_NAME = AppIcon;
				CODE_SIGN_STYLE = Automatic;
				INFOPLIST_FILE = PagesController/Info.plist;
				IPHONEOS_DEPLOYMENT_TARGET = 11.0;
				LD_RUNPATH_SEARCH_PATHS = (
					"$(inherited)",
					"@executable_path/Frameworks",
				);
				PRODUCT_BUNDLE_IDENTIFIER = personal.PagesController;
				PRODUCT_NAME = "$(TARGET_NAME)";
				TARGETED_DEVICE_FAMILY = "1,2";
			};
			name = Debug;
		};
		5956656D2125990000E30ACA /* Release */ = {
			isa = XCBuildConfiguration;
			buildSettings = {
				ASSETCATALOG_COMPILER_APPICON_NAME = AppIcon;
				CODE_SIGN_STYLE = Automatic;
				INFOPLIST_FILE = PagesController/Info.plist;
				IPHONEOS_DEPLOYMENT_TARGET = 11.0;
				LD_RUNPATH_SEARCH_PATHS = (
					"$(inherited)",
					"@executable_path/Frameworks",
				);
				PRODUCT_BUNDLE_IDENTIFIER = personal.PagesController;
				PRODUCT_NAME = "$(TARGET_NAME)";
				TARGETED_DEVICE_FAMILY = "1,2";
			};
			name = Release;
		};
/* End XCBuildConfiguration section */

/* Begin XCConfigurationList section */
		59566550212598FC00E30ACA /* Build configuration list for PBXProject "PagesController" */ = {
			isa = XCConfigurationList;
			buildConfigurations = (
				595665692125990000E30ACA /* Debug */,
				5956656A2125990000E30ACA /* Release */,
			);
			defaultConfigurationIsVisible = 0;
			defaultConfigurationName = Release;
		};
		5956656B2125990000E30ACA /* Build configuration list for PBXNativeTarget "PagesController" */ = {
			isa = XCConfigurationList;
			buildConfigurations = (
				5956656C2125990000E30ACA /* Debug */,
				5956656D2125990000E30ACA /* Release */,
			);
			defaultConfigurationIsVisible = 0;
			defaultConfigurationName = Release;
		};
/* End XCConfigurationList section */
	};
	rootObject = 5956654D212598FC00E30ACA /* Project object */;
}
